// !$*UTF8*$!
{
	archiveVersion = 1;
	classes = {
	};
	objectVersion = 50;
	objects = {

/* Begin PBXBuildFile section */
		1148BD91219AF59A0080F3FA /* AppDelegate.swift in Sources */ = {isa = PBXBuildFile; fileRef = 1148BD90219AF59A0080F3FA /* AppDelegate.swift */; };
		1148BD96219AF59A0080F3FA /* Main.storyboard in Resources */ = {isa = PBXBuildFile; fileRef = 1148BD94219AF59A0080F3FA /* Main.storyboard */; };
		1148BD98219AF59B0080F3FA /* Assets.xcassets in Resources */ = {isa = PBXBuildFile; fileRef = 1148BD97219AF59B0080F3FA /* Assets.xcassets */; };
		1148BD9B219AF59B0080F3FA /* LaunchScreen.storyboard in Resources */ = {isa = PBXBuildFile; fileRef = 1148BD99219AF59B0080F3FA /* LaunchScreen.storyboard */; };
		116FF251219F4AEF00EC5269 /* MoreTableViewController.swift in Sources */ = {isa = PBXBuildFile; fileRef = 116FF250219F4AEF00EC5269 /* MoreTableViewController.swift */; };
		11762300219B05480061125A /* Ride.swift in Sources */ = {isa = PBXBuildFile; fileRef = 117622FF219B05480061125A /* Ride.swift */; };
		11762302219B05560061125A /* Bike.swift in Sources */ = {isa = PBXBuildFile; fileRef = 11762301219B05560061125A /* Bike.swift */; };
		11762304219B05660061125A /* Car.swift in Sources */ = {isa = PBXBuildFile; fileRef = 11762303219B05660061125A /* Car.swift */; };
		11762308219B0C570061125A /* RideViewController.swift in Sources */ = {isa = PBXBuildFile; fileRef = 11762307219B0C570061125A /* RideViewController.swift */; };
		1191874F219C235300AB3C16 /* SelectVehicleTableViewController.swift in Sources */ = {isa = PBXBuildFile; fileRef = 1191874E219C235300AB3C16 /* SelectVehicleTableViewController.swift */; };
		11918751219C3F6700AB3C16 /* vehicleDetailsTableViewController.swift in Sources */ = {isa = PBXBuildFile; fileRef = 11918750219C3F6700AB3C16 /* vehicleDetailsTableViewController.swift */; };
		11EF1424219EE99A00EFB69B /* RidesTableViewController.swift in Sources */ = {isa = PBXBuildFile; fileRef = 11EF1423219EE99A00EFB69B /* RidesTableViewController.swift */; };
		11EF1426219F0A3900EFB69B /* RideCell.swift in Sources */ = {isa = PBXBuildFile; fileRef = 11EF1425219F0A3900EFB69B /* RideCell.swift */; };
		11F4AC18219B5E9B008D1496 /* ScreenFormatter.swift in Sources */ = {isa = PBXBuildFile; fileRef = 11F4AC17219B5E9B008D1496 /* ScreenFormatter.swift */; };
/* End PBXBuildFile section */

/* Begin PBXFileReference section */
		1148BD8D219AF59A0080F3FA /* RideJournal.app */ = {isa = PBXFileReference; explicitFileType = wrapper.application; includeInIndex = 0; path = RideJournal.app; sourceTree = BUILT_PRODUCTS_DIR; };
		1148BD90219AF59A0080F3FA /* AppDelegate.swift */ = {isa = PBXFileReference; lastKnownFileType = sourcecode.swift; path = AppDelegate.swift; sourceTree = "<group>"; };
		1148BD95219AF59A0080F3FA /* Base */ = {isa = PBXFileReference; lastKnownFileType = file.storyboard; name = Base; path = Base.lproj/Main.storyboard; sourceTree = "<group>"; };
		1148BD97219AF59B0080F3FA /* Assets.xcassets */ = {isa = PBXFileReference; lastKnownFileType = folder.assetcatalog; path = Assets.xcassets; sourceTree = "<group>"; };
		1148BD9A219AF59B0080F3FA /* Base */ = {isa = PBXFileReference; lastKnownFileType = file.storyboard; name = Base; path = Base.lproj/LaunchScreen.storyboard; sourceTree = "<group>"; };
		1148BD9C219AF59B0080F3FA /* Info.plist */ = {isa = PBXFileReference; lastKnownFileType = text.plist.xml; path = Info.plist; sourceTree = "<group>"; };
		116FF250219F4AEF00EC5269 /* MoreTableViewController.swift */ = {isa = PBXFileReference; lastKnownFileType = sourcecode.swift; path = MoreTableViewController.swift; sourceTree = "<group>"; };
		117622FF219B05480061125A /* Ride.swift */ = {isa = PBXFileReference; lastKnownFileType = sourcecode.swift; path = Ride.swift; sourceTree = "<group>"; };
		11762301219B05560061125A /* Bike.swift */ = {isa = PBXFileReference; lastKnownFileType = sourcecode.swift; path = Bike.swift; sourceTree = "<group>"; };
		11762303219B05660061125A /* Car.swift */ = {isa = PBXFileReference; lastKnownFileType = sourcecode.swift; path = Car.swift; sourceTree = "<group>"; };
		11762307219B0C570061125A /* RideViewController.swift */ = {isa = PBXFileReference; lastKnownFileType = sourcecode.swift; path = RideViewController.swift; sourceTree = "<group>"; };
		1191874E219C235300AB3C16 /* SelectVehicleTableViewController.swift */ = {isa = PBXFileReference; lastKnownFileType = sourcecode.swift; path = SelectVehicleTableViewController.swift; sourceTree = "<group>"; };
		11918750219C3F6700AB3C16 /* vehicleDetailsTableViewController.swift */ = {isa = PBXFileReference; lastKnownFileType = sourcecode.swift; path = vehicleDetailsTableViewController.swift; sourceTree = "<group>"; };
		11EF1423219EE99A00EFB69B /* RidesTableViewController.swift */ = {isa = PBXFileReference; lastKnownFileType = sourcecode.swift; path = RidesTableViewController.swift; sourceTree = "<group>"; };
		11EF1425219F0A3900EFB69B /* RideCell.swift */ = {isa = PBXFileReference; lastKnownFileType = sourcecode.swift; path = RideCell.swift; sourceTree = "<group>"; };
		11F4AC17219B5E9B008D1496 /* ScreenFormatter.swift */ = {isa = PBXFileReference; lastKnownFileType = sourcecode.swift; path = ScreenFormatter.swift; sourceTree = "<group>"; };
/* End PBXFileReference section */

/* Begin PBXFrameworksBuildPhase section */
		1148BD8A219AF59A0080F3FA /* Frameworks */ = {
			isa = PBXFrameworksBuildPhase;
			buildActionMask = 2147483647;
			files = (
			);
			runOnlyForDeploymentPostprocessing = 0;
		};
/* End PBXFrameworksBuildPhase section */

/* Begin PBXGroup section */
		1148BD84219AF59A0080F3FA = {
			isa = PBXGroup;
			children = (
				1148BD8F219AF59A0080F3FA /* RideJournal */,
				1148BD8E219AF59A0080F3FA /* Products */,
			);
			sourceTree = "<group>";
		};
		1148BD8E219AF59A0080F3FA /* Products */ = {
			isa = PBXGroup;
			children = (
				1148BD8D219AF59A0080F3FA /* RideJournal.app */,
			);
			name = Products;
			sourceTree = "<group>";
		};
		1148BD8F219AF59A0080F3FA /* RideJournal */ = {
			isa = PBXGroup;
			children = (
				117622FC219B04E70061125A /* Other Controllers */,
				117622FB219B04A20061125A /* Model */,
				117622FA219B049A0061125A /* Views */,
				117622F9219B048B0061125A /* View Controllers */,
				1148BD90219AF59A0080F3FA /* AppDelegate.swift */,
				1148BD94219AF59A0080F3FA /* Main.storyboard */,
				1148BD97219AF59B0080F3FA /* Assets.xcassets */,
				1148BD99219AF59B0080F3FA /* LaunchScreen.storyboard */,
				1148BD9C219AF59B0080F3FA /* Info.plist */,
			);
			path = RideJournal;
			sourceTree = "<group>";
		};
		117622F9219B048B0061125A /* View Controllers */ = {
			isa = PBXGroup;
			children = (
				11762307219B0C570061125A /* RideViewController.swift */,
				1191874E219C235300AB3C16 /* SelectVehicleTableViewController.swift */,
				11918750219C3F6700AB3C16 /* vehicleDetailsTableViewController.swift */,
				11EF1423219EE99A00EFB69B /* RidesTableViewController.swift */,
				116FF250219F4AEF00EC5269 /* MoreTableViewController.swift */,
			);
			path = "View Controllers";
			sourceTree = "<group>";
		};
		117622FA219B049A0061125A /* Views */ = {
			isa = PBXGroup;
			children = (
			);
			path = Views;
			sourceTree = "<group>";
		};
		117622FB219B04A20061125A /* Model */ = {
			isa = PBXGroup;
			children = (
				117622FF219B05480061125A /* Ride.swift */,
				11762301219B05560061125A /* Bike.swift */,
				11762303219B05660061125A /* Car.swift */,
				11F4AC17219B5E9B008D1496 /* ScreenFormatter.swift */,
				11EF1425219F0A3900EFB69B /* RideCell.swift */,
			);
			path = Model;
			sourceTree = "<group>";
		};
		117622FC219B04E70061125A /* Other Controllers */ = {
			isa = PBXGroup;
			children = (
			);
			path = "Other Controllers";
			sourceTree = "<group>";
		};
/* End PBXGroup section */

/* Begin PBXNativeTarget section */
		1148BD8C219AF59A0080F3FA /* RideJournal */ = {
			isa = PBXNativeTarget;
			buildConfigurationList = 1148BD9F219AF59B0080F3FA /* Build configuration list for PBXNativeTarget "RideJournal" */;
			buildPhases = (
				1148BD89219AF59A0080F3FA /* Sources */,
				1148BD8A219AF59A0080F3FA /* Frameworks */,
				1148BD8B219AF59A0080F3FA /* Resources */,
			);
			buildRules = (
			);
			dependencies = (
			);
			name = RideJournal;
			productName = RideJournal;
			productReference = 1148BD8D219AF59A0080F3FA /* RideJournal.app */;
			productType = "com.apple.product-type.application";
		};
/* End PBXNativeTarget section */

/* Begin PBXProject section */
		1148BD85219AF59A0080F3FA /* Project object */ = {
			isa = PBXProject;
			attributes = {
				LastSwiftUpdateCheck = 1010;
				LastUpgradeCheck = 1010;
				ORGANIZATIONNAME = "Alexander Willems";
				TargetAttributes = {
					1148BD8C219AF59A0080F3FA = {
						CreatedOnToolsVersion = 10.1;
					};
				};
			};
			buildConfigurationList = 1148BD88219AF59A0080F3FA /* Build configuration list for PBXProject "RideJournal" */;
			compatibilityVersion = "Xcode 9.3";
			developmentRegion = en;
			hasScannedForEncodings = 0;
			knownRegions = (
				en,
				Base,
			);
			mainGroup = 1148BD84219AF59A0080F3FA;
			productRefGroup = 1148BD8E219AF59A0080F3FA /* Products */;
			projectDirPath = "";
			projectRoot = "";
			targets = (
				1148BD8C219AF59A0080F3FA /* RideJournal */,
			);
		};
/* End PBXProject section */

/* Begin PBXResourcesBuildPhase section */
		1148BD8B219AF59A0080F3FA /* Resources */ = {
			isa = PBXResourcesBuildPhase;
			buildActionMask = 2147483647;
			files = (
				1148BD9B219AF59B0080F3FA /* LaunchScreen.storyboard in Resources */,
				1148BD98219AF59B0080F3FA /* Assets.xcassets in Resources */,
				1148BD96219AF59A0080F3FA /* Main.storyboard in Resources */,
			);
			runOnlyForDeploymentPostprocessing = 0;
		};
/* End PBXResourcesBuildPhase section */

/* Begin PBXSourcesBuildPhase section */
		1148BD89219AF59A0080F3FA /* Sources */ = {
			isa = PBXSourcesBuildPhase;
			buildActionMask = 2147483647;
			files = (
				1191874F219C235300AB3C16 /* SelectVehicleTableViewController.swift in Sources */,
				11EF1426219F0A3900EFB69B /* RideCell.swift in Sources */,
				11EF1424219EE99A00EFB69B /* RidesTableViewController.swift in Sources */,
				11762300219B05480061125A /* Ride.swift in Sources */,
				11762304219B05660061125A /* Car.swift in Sources */,
				116FF251219F4AEF00EC5269 /* MoreTableViewController.swift in Sources */,
				11762308219B0C570061125A /* RideViewController.swift in Sources */,
				11762302219B05560061125A /* Bike.swift in Sources */,
				11F4AC18219B5E9B008D1496 /* ScreenFormatter.swift in Sources */,
				1148BD91219AF59A0080F3FA /* AppDelegate.swift in Sources */,
				11918751219C3F6700AB3C16 /* vehicleDetailsTableViewController.swift in Sources */,
			);
			runOnlyForDeploymentPostprocessing = 0;
		};
/* End PBXSourcesBuildPhase section */

/* Begin PBXVariantGroup section */
		1148BD94219AF59A0080F3FA /* Main.storyboard */ = {
			isa = PBXVariantGroup;
			children = (
				1148BD95219AF59A0080F3FA /* Base */,
			);
			name = Main.storyboard;
			sourceTree = "<group>";
		};
		1148BD99219AF59B0080F3FA /* LaunchScreen.storyboard */ = {
			isa = PBXVariantGroup;
			children = (
				1148BD9A219AF59B0080F3FA /* Base */,
			);
			name = LaunchScreen.storyboard;
			sourceTree = "<group>";
		};
/* End PBXVariantGroup section */

/* Begin XCBuildConfiguration section */
		1148BD9D219AF59B0080F3FA /* Debug */ = {
			isa = XCBuildConfiguration;
			buildSettings = {
				ALWAYS_SEARCH_USER_PATHS = NO;
				CLANG_ANALYZER_NONNULL = YES;
				CLANG_ANALYZER_NUMBER_OBJECT_CONVERSION = YES_AGGRESSIVE;
				CLANG_CXX_LANGUAGE_STANDARD = "gnu++14";
				CLANG_CXX_LIBRARY = "libc++";
				CLANG_ENABLE_MODULES = YES;
				CLANG_ENABLE_OBJC_ARC = YES;
				CLANG_ENABLE_OBJC_WEAK = YES;
				CLANG_WARN_BLOCK_CAPTURE_AUTORELEASING = YES;
				CLANG_WARN_BOOL_CONVERSION = YES;
				CLANG_WARN_COMMA = YES;
				CLANG_WARN_CONSTANT_CONVERSION = YES;
				CLANG_WARN_DEPRECATED_OBJC_IMPLEMENTATIONS = YES;
				CLANG_WARN_DIRECT_OBJC_ISA_USAGE = YES_ERROR;
				CLANG_WARN_DOCUMENTATION_COMMENTS = YES;
				CLANG_WARN_EMPTY_BODY = YES;
				CLANG_WARN_ENUM_CONVERSION = YES;
				CLANG_WARN_INFINITE_RECURSION = YES;
				CLANG_WARN_INT_CONVERSION = YES;
				CLANG_WARN_NON_LITERAL_NULL_CONVERSION = YES;
				CLANG_WARN_OBJC_IMPLICIT_RETAIN_SELF = YES;
				CLANG_WARN_OBJC_LITERAL_CONVERSION = YES;
				CLANG_WARN_OBJC_ROOT_CLASS = YES_ERROR;
				CLANG_WARN_RANGE_LOOP_ANALYSIS = YES;
				CLANG_WARN_STRICT_PROTOTYPES = YES;
				CLANG_WARN_SUSPICIOUS_MOVE = YES;
				CLANG_WARN_UNGUARDED_AVAILABILITY = YES_AGGRESSIVE;
				CLANG_WARN_UNREACHABLE_CODE = YES;
				CLANG_WARN__DUPLICATE_METHOD_MATCH = YES;
				CODE_SIGN_IDENTITY = "iPhone Developer";
				COPY_PHASE_STRIP = NO;
				DEBUG_INFORMATION_FORMAT = dwarf;
				ENABLE_STRICT_OBJC_MSGSEND = YES;
				ENABLE_TESTABILITY = YES;
				GCC_C_LANGUAGE_STANDARD = gnu11;
				GCC_DYNAMIC_NO_PIC = NO;
				GCC_NO_COMMON_BLOCKS = YES;
				GCC_OPTIMIZATION_LEVEL = 0;
				GCC_PREPROCESSOR_DEFINITIONS = (
					"DEBUG=1",
					"$(inherited)",
				);
				GCC_WARN_64_TO_32_BIT_CONVERSION = YES;
				GCC_WARN_ABOUT_RETURN_TYPE = YES_ERROR;
				GCC_WARN_UNDECLARED_SELECTOR = YES;
				GCC_WARN_UNINITIALIZED_AUTOS = YES_AGGRESSIVE;
				GCC_WARN_UNUSED_FUNCTION = YES;
				GCC_WARN_UNUSED_VARIABLE = YES;
				IPHONEOS_DEPLOYMENT_TARGET = 12.1;
				MTL_ENABLE_DEBUG_INFO = INCLUDE_SOURCE;
				MTL_FAST_MATH = YES;
				ONLY_ACTIVE_ARCH = YES;
				SDKROOT = iphoneos;
				SWIFT_ACTIVE_COMPILATION_CONDITIONS = DEBUG;
				SWIFT_OPTIMIZATION_LEVEL = "-Onone";
			};
			name = Debug;
		};
		1148BD9E219AF59B0080F3FA /* Release */ = {
			isa = XCBuildConfiguration;
			buildSettings = {
				ALWAYS_SEARCH_USER_PATHS = NO;
				CLANG_ANALYZER_NONNULL = YES;
				CLANG_ANALYZER_NUMBER_OBJECT_CONVERSION = YES_AGGRESSIVE;
				CLANG_CXX_LANGUAGE_STANDARD = "gnu++14";
				CLANG_CXX_LIBRARY = "libc++";
				CLANG_ENABLE_MODULES = YES;
				CLANG_ENABLE_OBJC_ARC = YES;
				CLANG_ENABLE_OBJC_WEAK = YES;
				CLANG_WARN_BLOCK_CAPTURE_AUTORELEASING = YES;
				CLANG_WARN_BOOL_CONVERSION = YES;
				CLANG_WARN_COMMA = YES;
				CLANG_WARN_CONSTANT_CONVERSION = YES;
				CLANG_WARN_DEPRECATED_OBJC_IMPLEMENTATIONS = YES;
				CLANG_WARN_DIRECT_OBJC_ISA_USAGE = YES_ERROR;
				CLANG_WARN_DOCUMENTATION_COMMENTS = YES;
				CLANG_WARN_EMPTY_BODY = YES;
				CLANG_WARN_ENUM_CONVERSION = YES;
				CLANG_WARN_INFINITE_RECURSION = YES;
				CLANG_WARN_INT_CONVERSION = YES;
				CLANG_WARN_NON_LITERAL_NULL_CONVERSION = YES;
				CLANG_WARN_OBJC_IMPLICIT_RETAIN_SELF = YES;
				CLANG_WARN_OBJC_LITERAL_CONVERSION = YES;
				CLANG_WARN_OBJC_ROOT_CLASS = YES_ERROR;
				CLANG_WARN_RANGE_LOOP_ANALYSIS = YES;
				CLANG_WARN_STRICT_PROTOTYPES = YES;
				CLANG_WARN_SUSPICIOUS_MOVE = YES;
				CLANG_WARN_UNGUARDED_AVAILABILITY = YES_AGGRESSIVE;
				CLANG_WARN_UNREACHABLE_CODE = YES;
				CLANG_WARN__DUPLICATE_METHOD_MATCH = YES;
				CODE_SIGN_IDENTITY = "iPhone Developer";
				COPY_PHASE_STRIP = NO;
				DEBUG_INFORMATION_FORMAT = "dwarf-with-dsym";
				ENABLE_NS_ASSERTIONS = NO;
				ENABLE_STRICT_OBJC_MSGSEND = YES;
				GCC_C_LANGUAGE_STANDARD = gnu11;
				GCC_NO_COMMON_BLOCKS = YES;
				GCC_WARN_64_TO_32_BIT_CONVERSION = YES;
				GCC_WARN_ABOUT_RETURN_TYPE = YES_ERROR;
				GCC_WARN_UNDECLARED_SELECTOR = YES;
				GCC_WARN_UNINITIALIZED_AUTOS = YES_AGGRESSIVE;
				GCC_WARN_UNUSED_FUNCTION = YES;
				GCC_WARN_UNUSED_VARIABLE = YES;
				IPHONEOS_DEPLOYMENT_TARGET = 12.1;
				MTL_ENABLE_DEBUG_INFO = NO;
				MTL_FAST_MATH = YES;
				SDKROOT = iphoneos;
				SWIFT_COMPILATION_MODE = wholemodule;
				SWIFT_OPTIMIZATION_LEVEL = "-O";
				VALIDATE_PRODUCT = YES;
			};
			name = Release;
		};
		1148BDA0219AF59B0080F3FA /* Debug */ = {
			isa = XCBuildConfiguration;
			buildSettings = {
				ASSETCATALOG_COMPILER_APPICON_NAME = AppIcon;
				CODE_SIGN_STYLE = Automatic;
				DEVELOPMENT_TEAM = 7HHLP67QGK;
				INFOPLIST_FILE = RideJournal/Info.plist;
				IPHONEOS_DEPLOYMENT_TARGET = 12.0;
				LD_RUNPATH_SEARCH_PATHS = (
					"$(inherited)",
					"@executable_path/Frameworks",
				);
				PRODUCT_BUNDLE_IDENTIFIER = OIdentifier.RideJournal;
				PRODUCT_NAME = "$(TARGET_NAME)";
				SWIFT_VERSION = 4.2;
				TARGETED_DEVICE_FAMILY = "1,2";
			};
			name = Debug;
		};
		1148BDA1219AF59B0080F3FA /* Release */ = {
			isa = XCBuildConfiguration;
			buildSettings = {
				ASSETCATALOG_COMPILER_APPICON_NAME = AppIcon;
				CODE_SIGN_STYLE = Automatic;
				DEVELOPMENT_TEAM = 7HHLP67QGK;
				INFOPLIST_FILE = RideJournal/Info.plist;
				IPHONEOS_DEPLOYMENT_TARGET = 12.0;
				LD_RUNPATH_SEARCH_PATHS = (
					"$(inherited)",
					"@executable_path/Frameworks",
				);
				PRODUCT_BUNDLE_IDENTIFIER = OIdentifier.RideJournal;
				PRODUCT_NAME = "$(TARGET_NAME)";
				SWIFT_VERSION = 4.2;
				TARGETED_DEVICE_FAMILY = "1,2";
			};
			name = Release;
		};
/* End XCBuildConfiguration section */

/* Begin XCConfigurationList section */
		1148BD88219AF59A0080F3FA /* Build configuration list for PBXProject "RideJournal" */ = {
			isa = XCConfigurationList;
			buildConfigurations = (
				1148BD9D219AF59B0080F3FA /* Debug */,
				1148BD9E219AF59B0080F3FA /* Release */,
			);
			defaultConfigurationIsVisible = 0;
			defaultConfigurationName = Release;
		};
		1148BD9F219AF59B0080F3FA /* Build configuration list for PBXNativeTarget "RideJournal" */ = {
			isa = XCConfigurationList;
			buildConfigurations = (
				1148BDA0219AF59B0080F3FA /* Debug */,
				1148BDA1219AF59B0080F3FA /* Release */,
			);
			defaultConfigurationIsVisible = 0;
			defaultConfigurationName = Release;
		};
/* End XCConfigurationList section */
	};
	rootObject = 1148BD85219AF59A0080F3FA /* Project object */;
}
